Microsoft Visual Studio Solution File, Format Version 12.00
# Visual Studio Version 16
VisualStudioVersion = 16.0.30011.22
MinimumVisualStudioVersion = 10.0.40219.1
Project("{9A19103F-16F7-4668-BE54-9A1E7A4F7556}") = "SunamoJson", "SunamoJson\SunamoJson.csproj", "{4041ED0D-B1FB-4D95-8200-3F3A2A9A303D}"
EndProject
Project("{FAE04EC0-301F-11D3-BF4B-00C04F79EFBC}") = "SunamoIco", "SunamoIco\SunamoIco.csproj", "{8E10D86B-92C7-44DF-9F57-F32B2F36BA1C}"
EndProject
Project("{FAE04EC0-301F-11D3-BF4B-00C04F79EFBC}") = "SunamoDebugging", "SunamoDebugging\SunamoDebugging.csproj", "{7863231E-7C7E-47EB-A61A-ECCB8B717C65}"
EndProject
Project("{FAE04EC0-301F-11D3-BF4B-00C04F79EFBC}") = "Xlf", "..\sunamo\Xlf\Xlf.csproj", "{00B76D22-B82F-43FD-AC48-4B1F56E6910F}"
EndProject
Project("{9A19103F-16F7-4668-BE54-9A1E7A4F7556}") = "SunamoExceptions", "SunamoExceptions\SunamoExceptions.csproj", "{F3F6F3CA-A5F5-4994-9666-3FED63614B8F}"
EndProject
Project("{FAE04EC0-301F-11D3-BF4B-00C04F79EFBC}") = "SunamoFubuCsProjFile", "SunamoFubuCsProjFile\SunamoFubuCsProjFile.csproj", "{8F1FFA16-8075-489E-9DB4-CDA003BD536E}"
EndProject
Project("{9A19103F-16F7-4668-BE54-9A1E7A4F7556}") = "SunamoGoPay", "SunamoGoPay\SunamoGoPay.csproj", "{8A5EE551-2B61-4E88-933C-A5FD3421F89E}"
EndProject
Project("{9A19103F-16F7-4668-BE54-9A1E7A4F7556}") = "SunamoLinguist", "SunamoLinguist\SunamoLinguist.csproj", "{D5DDC48F-5600-47A5-849F-1352EC10130B}"
EndProject
Project("{9A19103F-16F7-4668-BE54-9A1E7A4F7556}") = "SunamoPython", "SunamoPython\SunamoPython.csproj", "{41D346ED-5E62-4C0E-820A-0C207701C8A2}"
EndProject
Project("{FAE04EC0-301F-11D3-BF4B-00C04F79EFBC}") = "SunamoTesseract", "SunamoTesseract\SunamoTesseract.csproj", "{BD7F7585-5889-4C25-9569-B29BC1E0A382}"
EndProject
Project("{FAE04EC0-301F-11D3-BF4B-00C04F79EFBC}") = "SunamoTray", "SunamoTray\SunamoTray.csproj", "{004BF213-13E6-4E27-82A4-91A149BF9091}"
EndProject
Project("{9A19103F-16F7-4668-BE54-9A1E7A4F7556}") = "SunamoYaml", "SunamoYaml\SunamoYaml.csproj", "{C68775BE-C471-4D96-8C50-5493CE60FF29}"
EndProject
Project("{FAE04EC0-301F-11D3-BF4B-00C04F79EFBC}") = "SunamoZip", "SunamoZip\SunamoZip.csproj", "{38304F31-DCC7-42B6-84C7-8E7127CABBC9}"
EndProject
Project("{FAE04EC0-301F-11D3-BF4B-00C04F79EFBC}") = "VsInterop", "VsInterop\VsInterop.csproj", "{B02D4114-47A2-4CA7-9612-897B1BBE3522}"
EndProject
Project("{9A19103F-16F7-4668-BE54-9A1E7A4F7556}") = "Crypting", "..\Credentials\Crypting\Crypting.csproj", "{8E000823-313D-4FCB-B8CF-17486129D529}"
EndProject
Project("{9A19103F-16F7-4668-BE54-9A1E7A4F7556}") = "Scz", "..\Credentials\Scz\Scz.csproj", "{6C7711BA-100C-4991-9BE0-D593E4631B5E}"
EndProject
Project("{9A19103F-16F7-4668-BE54-9A1E7A4F7556}") = "SunamoVcf", "SunamoVcf\SunamoVcf.csproj", "{C60C2D2F-374A-45F8-9A8A-1EB54032F9E5}"
EndProject
Global
	GlobalSection(SolutionConfigurationPlatforms) = preSolution
		Debug|Any CPU = Debug|Any CPU
		Release|Any CPU = Release|Any CPU
	EndGlobalSection
	GlobalSection(ProjectConfigurationPlatforms) = postSolution
		{4041ED0D-B1FB-4D95-8200-3F3A2A9A303D}.Debug|Any CPU.ActiveCfg = Debug|Any CPU
		{4041ED0D-B1FB-4D95-8200-3F3A2A9A303D}.Debug|Any CPU.Build.0 = Debug|Any CPU
		{4041ED0D-B1FB-4D95-8200-3F3A2A9A303D}.Release|Any CPU.ActiveCfg = Release|Any CPU
		{4041ED0D-B1FB-4D95-8200-3F3A2A9A303D}.Release|Any CPU.Build.0 = Release|Any CPU
		{8E10D86B-92C7-44DF-9F57-F32B2F36BA1C}.Debug|Any CPU.ActiveCfg = Debug|Any CPU
		{8E10D86B-92C7-44DF-9F57-F32B2F36BA1C}.Debug|Any CPU.Build.0 = Debug|Any CPU
		{8E10D86B-92C7-44DF-9F57-F32B2F36BA1C}.Release|Any CPU.ActiveCfg = Release|Any CPU
		{8E10D86B-92C7-44DF-9F57-F32B2F36BA1C}.Release|Any CPU.Build.0 = Release|Any CPU
		{7863231E-7C7E-47EB-A61A-ECCB8B717C65}.Debug|Any CPU.ActiveCfg = Debug|Any CPU
		{7863231E-7C7E-47EB-A61A-ECCB8B717C65}.Debug|Any CPU.Build.0 = Debug|Any CPU
		{7863231E-7C7E-47EB-A61A-ECCB8B717C65}.Release|Any CPU.ActiveCfg = Release|Any CPU
		{7863231E-7C7E-47EB-A61A-ECCB8B717C65}.Release|Any CPU.Build.0 = Release|Any CPU
		{00B76D22-B82F-43FD-AC48-4B1F56E6910F}.Debug|Any CPU.ActiveCfg = Debug|Any CPU
		{00B76D22-B82F-43FD-AC48-4B1F56E6910F}.Debug|Any CPU.Build.0 = Debug|Any CPU
		{00B76D22-B82F-43FD-AC48-4B1F56E6910F}.Release|Any CPU.ActiveCfg = Release|Any CPU
		{00B76D22-B82F-43FD-AC48-4B1F56E6910F}.Release|Any CPU.Build.0 = Release|Any CPU
		{F3F6F3CA-A5F5-4994-9666-3FED63614B8F}.Debug|Any CPU.ActiveCfg = Debug|Any CPU
		{F3F6F3CA-A5F5-4994-9666-3FED63614B8F}.Debug|Any CPU.Build.0 = Debug|Any CPU
		{F3F6F3CA-A5F5-4994-9666-3FED63614B8F}.Release|Any CPU.ActiveCfg = Release|Any CPU
		{F3F6F3CA-A5F5-4994-9666-3FED63614B8F}.Release|Any CPU.Build.0 = Release|Any CPU
		{8F1FFA16-8075-489E-9DB4-CDA003BD536E}.Debug|Any CPU.ActiveCfg = Debug|Any CPU
		{8F1FFA16-8075-489E-9DB4-CDA003BD536E}.Debug|Any CPU.Build.0 = Debug|Any CPU
		{8F1FFA16-8075-489E-9DB4-CDA003BD536E}.Release|Any CPU.ActiveCfg = Release|Any CPU
		{8F1FFA16-8075-489E-9DB4-CDA003BD536E}.Release|Any CPU.Build.0 = Release|Any CPU
		{8A5EE551-2B61-4E88-933C-A5FD3421F89E}.Debug|Any CPU.ActiveCfg = Debug|Any CPU
		{8A5EE551-2B61-4E88-933C-A5FD3421F89E}.Debug|Any CPU.Build.0 = Debug|Any CPU
		{8A5EE551-2B61-4E88-933C-A5FD3421F89E}.Release|Any CPU.ActiveCfg = Release|Any CPU
		{8A5EE551-2B61-4E88-933C-A5FD3421F89E}.Release|Any CPU.Build.0 = Release|Any CPU
		{D5DDC48F-5600-47A5-849F-1352EC10130B}.Debug|Any CPU.ActiveCfg = Debug|Any CPU
		{D5DDC48F-5600-47A5-849F-1352EC10130B}.Debug|Any CPU.Build.0 = Debug|Any CPU
		{D5DDC48F-5600-47A5-849F-1352EC10130B}.Release|Any CPU.ActiveCfg = Release|Any CPU
		{D5DDC48F-5600-47A5-849F-1352EC10130B}.Release|Any CPU.Build.0 = Release|Any CPU
		{41D346ED-5E62-4C0E-820A-0C207701C8A2}.Debug|Any CPU.ActiveCfg = Debug|Any CPU
		{41D346ED-5E62-4C0E-820A-0C207701C8A2}.Debug|Any CPU.Build.0 = Debug|Any CPU
		{41D346ED-5E62-4C0E-820A-0C207701C8A2}.Release|Any CPU.ActiveCfg = Release|Any CPU
		{41D346ED-5E62-4C0E-820A-0C207701C8A2}.Release|Any CPU.Build.0 = Release|Any CPU
		{BD7F7585-5889-4C25-9569-B29BC1E0A382}.Debug|Any CPU.ActiveCfg = Debug|Any CPU
		{BD7F7585-5889-4C25-9569-B29BC1E0A382}.Debug|Any CPU.Build.0 = Debug|Any CPU
		{BD7F7585-5889-4C25-9569-B29BC1E0A382}.Release|Any CPU.ActiveCfg = Release|Any CPU
		{BD7F7585-5889-4C25-9569-B29BC1E0A382}.Release|Any CPU.Build.0 = Release|Any CPU
		{004BF213-13E6-4E27-82A4-91A149BF9091}.Debug|Any CPU.ActiveCfg = Debug|Any CPU
		{004BF213-13E6-4E27-82A4-91A149BF9091}.Debug|Any CPU.Build.0 = Debug|Any CPU
		{004BF213-13E6-4E27-82A4-91A149BF9091}.Release|Any CPU.ActiveCfg = Release|Any CPU
		{004BF213-13E6-4E27-82A4-91A149BF9091}.Release|Any CPU.Build.0 = Release|Any CPU
		{C68775BE-C471-4D96-8C50-5493CE60FF29}.Debug|Any CPU.ActiveCfg = Debug|Any CPU
		{C68775BE-C471-4D96-8C50-5493CE60FF29}.Debug|Any CPU.Build.0 = Debug|Any CPU
		{C68775BE-C471-4D96-8C50-5493CE60FF29}.Release|Any CPU.ActiveCfg = Release|Any CPU
		{C68775BE-C471-4D96-8C50-5493CE60FF29}.Release|Any CPU.Build.0 = Release|Any CPU
		{38304F31-DCC7-42B6-84C7-8E7127CABBC9}.Debug|Any CPU.ActiveCfg = Debug|Any CPU
		{38304F31-DCC7-42B6-84C7-8E7127CABBC9}.Debug|Any CPU.Build.0 = Debug|Any CPU
		{38304F31-DCC7-42B6-84C7-8E7127CABBC9}.Release|Any CPU.ActiveCfg = Release|Any CPU
		{38304F31-DCC7-42B6-84C7-8E7127CABBC9}.Release|Any CPU.Build.0 = Release|Any CPU
		{B02D4114-47A2-4CA7-9612-897B1BBE3522}.Debug|Any CPU.ActiveCfg = Debug|Any CPU
		{B02D4114-47A2-4CA7-9612-897B1BBE3522}.Debug|Any CPU.Build.0 = Debug|Any CPU
		{B02D4114-47A2-4CA7-9612-897B1BBE3522}.Release|Any CPU.ActiveCfg = Release|Any CPU
		{B02D4114-47A2-4CA7-9612-897B1BBE3522}.Release|Any CPU.Build.0 = Release|Any CPU
		{8E000823-313D-4FCB-B8CF-17486129D529}.Debug|Any CPU.ActiveCfg = Debug|Any CPU
		{8E000823-313D-4FCB-B8CF-17486129D529}.Debug|Any CPU.Build.0 = Debug|Any CPU
		{8E000823-313D-4FCB-B8CF-17486129D529}.Release|Any CPU.ActiveCfg = Release|Any CPU
		{8E000823-313D-4FCB-B8CF-17486129D529}.Release|Any CPU.Build.0 = Release|Any CPU
		{6C7711BA-100C-4991-9BE0-D593E4631B5E}.Debug|Any CPU.ActiveCfg = Debug|Any CPU
		{6C7711BA-100C-4991-9BE0-D593E4631B5E}.Debug|Any CPU.Build.0 = Debug|Any CPU
		{6C7711BA-100C-4991-9BE0-D593E4631B5E}.Release|Any CPU.ActiveCfg = Release|Any CPU
		{6C7711BA-100C-4991-9BE0-D593E4631B5E}.Release|Any CPU.Build.0 = Release|Any CPU
		{C60C2D2F-374A-45F8-9A8A-1EB54032F9E5}.Debug|Any CPU.ActiveCfg = Debug|Any CPU
		{C60C2D2F-374A-45F8-9A8A-1EB54032F9E5}.Debug|Any CPU.Build.0 = Debug|Any CPU
		{C60C2D2F-374A-45F8-9A8A-1EB54032F9E5}.Release|Any CPU.ActiveCfg = Release|Any CPU
		{C60C2D2F-374A-45F8-9A8A-1EB54032F9E5}.Release|Any CPU.Build.0 = Release|Any CPU
	EndGlobalSection
	GlobalSection(SolutionProperties) = preSolution
		HideSolutionNode = FALSE
	EndGlobalSection
	GlobalSection(ExtensibilityGlobals) = postSolution
		SolutionGuid = {5AB2FFD6-FDCD-4BD1-887C-2A8760EA6E8B}
	EndGlobalSection
EndGlobal
