
Microsoft Visual Studio Solution File, Format Version 12.00
# Visual Studio Version 16
VisualStudioVersion = 16.0.30011.22
MinimumVisualStudioVersion = 10.0.40219.1
Project("{9A19103F-16F7-4668-BE54-9A1E7A4F7556}") = "SunamoJson", "SunamoJson\SunamoJson.csproj", "{4041ED0D-B1FB-4D95-8200-3F3A2A9A303D}"
EndProject
Project("{FAE04EC0-301F-11D3-BF4B-00C04F79EFBC}") = "SunamoIco", "SunamoIco\SunamoIco.csproj", "{DE8BE5E7-CAC8-4EDE-B2DC-F283144A77A6}"
EndProject
Global
	GlobalSection(SolutionConfigurationPlatforms) = preSolution
		Debug|Any CPU = Debug|Any CPU
		Release|Any CPU = Release|Any CPU
	EndGlobalSection
	GlobalSection(ProjectConfigurationPlatforms) = postSolution
		{4041ED0D-B1FB-4D95-8200-3F3A2A9A303D}.Debug|Any CPU.ActiveCfg = Debug|Any CPU
		{4041ED0D-B1FB-4D95-8200-3F3A2A9A303D}.Debug|Any CPU.Build.0 = Debug|Any CPU
		{4041ED0D-B1FB-4D95-8200-3F3A2A9A303D}.Release|Any CPU.ActiveCfg = Release|Any CPU
		{4041ED0D-B1FB-4D95-8200-3F3A2A9A303D}.Release|Any CPU.Build.0 = Release|Any CPU
		{DE8BE5E7-CAC8-4EDE-B2DC-F283144A77A6}.Debug|Any CPU.ActiveCfg = Debug|Any CPU
		{DE8BE5E7-CAC8-4EDE-B2DC-F283144A77A6}.Debug|Any CPU.Build.0 = Debug|Any CPU
		{DE8BE5E7-CAC8-4EDE-B2DC-F283144A77A6}.Release|Any CPU.ActiveCfg = Release|Any CPU
		{DE8BE5E7-CAC8-4EDE-B2DC-F283144A77A6}.Release|Any CPU.Build.0 = Release|Any CPU
	EndGlobalSection
	GlobalSection(SolutionProperties) = preSolution
		HideSolutionNode = FALSE
	EndGlobalSection
	GlobalSection(ExtensibilityGlobals) = postSolution
		SolutionGuid = {5AB2FFD6-FDCD-4BD1-887C-2A8760EA6E8B}
	EndGlobalSection
EndGlobal
