Microsoft Visual Studio Solution File, Format Version 12.00
# Visual Studio Version 16
VisualStudioVersion = 16.0.30011.22
MinimumVisualStudioVersion = 10.0.40219.1
Project("{9A19103F-16F7-4668-BE54-9A1E7A4F7556}") = "SunamoJson", "SunamoJson\SunamoJson.csproj", "{4041ED0D-B1FB-4D95-8200-3F3A2A9A303D}"
EndProject
Project("{FAE04EC0-301F-11D3-BF4B-00C04F79EFBC}") = "SunamoIco", "SunamoIco\SunamoIco.csproj", "{8E10D86B-92C7-44DF-9F57-F32B2F36BA1C}"
EndProject
Project("{FAE04EC0-301F-11D3-BF4B-00C04F79EFBC}") = "SunamoDebugging", "SunamoDebugging\SunamoDebugging.csproj", "{7863231E-7C7E-47EB-A61A-ECCB8B717C65}"
EndProject
Project("{FAE04EC0-301F-11D3-BF4B-00C04F79EFBC}") = "Xlf", "..\sunamo\Xlf\Xlf.csproj", "{00B76D22-B82F-43FD-AC48-4B1F56E6910F}"
EndProject
Project("{9A19103F-16F7-4668-BE54-9A1E7A4F7556}") = "Newtonsoft.Json", "Newtonsoft.Json\Newtonsoft.Json.csproj", "{4007B730-DCF1-4002-8D43-2A2F709BA4A6}"
EndProject
Project("{9A19103F-16F7-4668-BE54-9A1E7A4F7556}") = "Newtonsoft.Json2", "Newtonsoft.Json2\Newtonsoft.Json2.csproj", "{05308F39-9B8B-4EE6-AA2A-B91E03363D9F}"
EndProject
Project("{9A19103F-16F7-4668-BE54-9A1E7A4F7556}") = "SunamoExceptions", "SunamoExceptions\SunamoExceptions.csproj", "{F3F6F3CA-A5F5-4994-9666-3FED63614B8F}"
EndProject
Global
	GlobalSection(SolutionConfigurationPlatforms) = preSolution
		Debug|Any CPU = Debug|Any CPU
		Release|Any CPU = Release|Any CPU
	EndGlobalSection
	GlobalSection(ProjectConfigurationPlatforms) = postSolution
		{4041ED0D-B1FB-4D95-8200-3F3A2A9A303D}.Debug|Any CPU.ActiveCfg = Debug|Any CPU
		{4041ED0D-B1FB-4D95-8200-3F3A2A9A303D}.Debug|Any CPU.Build.0 = Debug|Any CPU
		{4041ED0D-B1FB-4D95-8200-3F3A2A9A303D}.Release|Any CPU.ActiveCfg = Release|Any CPU
		{4041ED0D-B1FB-4D95-8200-3F3A2A9A303D}.Release|Any CPU.Build.0 = Release|Any CPU
		{8E10D86B-92C7-44DF-9F57-F32B2F36BA1C}.Debug|Any CPU.ActiveCfg = Debug|Any CPU
		{8E10D86B-92C7-44DF-9F57-F32B2F36BA1C}.Debug|Any CPU.Build.0 = Debug|Any CPU
		{8E10D86B-92C7-44DF-9F57-F32B2F36BA1C}.Release|Any CPU.ActiveCfg = Release|Any CPU
		{8E10D86B-92C7-44DF-9F57-F32B2F36BA1C}.Release|Any CPU.Build.0 = Release|Any CPU
		{7863231E-7C7E-47EB-A61A-ECCB8B717C65}.Debug|Any CPU.ActiveCfg = Debug|Any CPU
		{7863231E-7C7E-47EB-A61A-ECCB8B717C65}.Debug|Any CPU.Build.0 = Debug|Any CPU
		{7863231E-7C7E-47EB-A61A-ECCB8B717C65}.Release|Any CPU.ActiveCfg = Release|Any CPU
		{7863231E-7C7E-47EB-A61A-ECCB8B717C65}.Release|Any CPU.Build.0 = Release|Any CPU
		{00B76D22-B82F-43FD-AC48-4B1F56E6910F}.Debug|Any CPU.ActiveCfg = Debug|Any CPU
		{00B76D22-B82F-43FD-AC48-4B1F56E6910F}.Debug|Any CPU.Build.0 = Debug|Any CPU
		{00B76D22-B82F-43FD-AC48-4B1F56E6910F}.Release|Any CPU.ActiveCfg = Release|Any CPU
		{00B76D22-B82F-43FD-AC48-4B1F56E6910F}.Release|Any CPU.Build.0 = Release|Any CPU
		{4007B730-DCF1-4002-8D43-2A2F709BA4A6}.Debug|Any CPU.ActiveCfg = Debug|Any CPU
		{4007B730-DCF1-4002-8D43-2A2F709BA4A6}.Debug|Any CPU.Build.0 = Debug|Any CPU
		{4007B730-DCF1-4002-8D43-2A2F709BA4A6}.Release|Any CPU.ActiveCfg = Release|Any CPU
		{4007B730-DCF1-4002-8D43-2A2F709BA4A6}.Release|Any CPU.Build.0 = Release|Any CPU
		{05308F39-9B8B-4EE6-AA2A-B91E03363D9F}.Debug|Any CPU.ActiveCfg = Debug|Any CPU
		{05308F39-9B8B-4EE6-AA2A-B91E03363D9F}.Debug|Any CPU.Build.0 = Debug|Any CPU
		{05308F39-9B8B-4EE6-AA2A-B91E03363D9F}.Release|Any CPU.ActiveCfg = Release|Any CPU
		{05308F39-9B8B-4EE6-AA2A-B91E03363D9F}.Release|Any CPU.Build.0 = Release|Any CPU
		{F3F6F3CA-A5F5-4994-9666-3FED63614B8F}.Debug|Any CPU.ActiveCfg = Debug|Any CPU
		{F3F6F3CA-A5F5-4994-9666-3FED63614B8F}.Debug|Any CPU.Build.0 = Debug|Any CPU
		{F3F6F3CA-A5F5-4994-9666-3FED63614B8F}.Release|Any CPU.ActiveCfg = Release|Any CPU
		{F3F6F3CA-A5F5-4994-9666-3FED63614B8F}.Release|Any CPU.Build.0 = Release|Any CPU
	EndGlobalSection
	GlobalSection(SolutionProperties) = preSolution
		HideSolutionNode = FALSE
	EndGlobalSection
	GlobalSection(ExtensibilityGlobals) = postSolution
		SolutionGuid = {5AB2FFD6-FDCD-4BD1-887C-2A8760EA6E8B}
	EndGlobalSection
EndGlobal
